
Microsoft Visual Studio Solution File, Format Version 12.00
# Visual Studio Version 16
VisualStudioVersion = 16.0.34301.259
MinimumVisualStudioVersion = 10.0.40219.1
Project("{D2ABAB84-BF74-430A-B69E-9DC6D40DDA17}") = "SSAS", "SSAS\SSAS.dwproj", "{818F3270-5DAF-4D5F-A2B1-DA16ADE3397F}"
EndProject
Global
	GlobalSection(SolutionConfigurationPlatforms) = preSolution
		Development|Default = Development|Default
	EndGlobalSection
	GlobalSection(ProjectConfigurationPlatforms) = postSolution
		{818F3270-5DAF-4D5F-A2B1-DA16ADE3397F}.Development|Default.ActiveCfg = Development
		{818F3270-5DAF-4D5F-A2B1-DA16ADE3397F}.Development|Default.Build.0 = Development
		{818F3270-5DAF-4D5F-A2B1-DA16ADE3397F}.Development|Default.Deploy.0 = Development
	EndGlobalSection
	GlobalSection(SolutionProperties) = preSolution
		HideSolutionNode = FALSE
	EndGlobalSection
	GlobalSection(ExtensibilityGlobals) = postSolution
		SolutionGuid = {716CE313-B461-49FB-92F7-EF0EBC4BBA63}
	EndGlobalSection
EndGlobal
